
Microsoft Visual Studio Solution File, Format Version 12.00
# Visual Studio 14
VisualStudioVersion = 14.0.25420.1
MinimumVisualStudioVersion = 10.0.40219.1
Project("{2150E333-8FDC-42A3-9474-1A3956D46DE8}") = "src", "src", "{F0DA5E13-8AEF-49EB-94A9-57C99C3B3498}"
EndProject
Project("{2150E333-8FDC-42A3-9474-1A3956D46DE8}") = "Solution Items", "Solution Items", "{7017B5BB-45ED-4E9E-AB42-323F562C5A0E}"
	ProjectSection(SolutionItems) = preProject
		global.json = global.json
	EndProjectSection
EndProject
Project("{8BB2217D-0F2D-49D1-97BC-3654ED321F3B}") = "BDSA2016.Lecture05.App", "src\BDSA2016.Lecture05.App\BDSA2016.Lecture05.App.xproj", "{FEF4D4D4-D451-4023-999B-89D99DC479B1}"
EndProject
Project("{2150E333-8FDC-42A3-9474-1A3956D46DE8}") = "test", "test", "{C7326C0B-20BD-4EC8-9D4E-4320780283C1}"
EndProject
Project("{8BB2217D-0F2D-49D1-97BC-3654ED321F3B}") = "BDSA2016.Lecture05.Lib", "src\BDSA2016.Lecture05.Lib\BDSA2016.Lecture05.Lib.xproj", "{41EA6962-35BE-4FB2-886B-B66E8C1814D9}"
EndProject
Project("{8BB2217D-0F2D-49D1-97BC-3654ED321F3B}") = "BDSA2016.Lecture05.Lib.Tests", "test\BDSA2016.Lecture05.Lib.Tests\BDSA2016.Lecture05.Lib.Tests.xproj", "{205037D3-8052-4FC9-802B-F437079005EC}"
EndProject
Project("{8BB2217D-0F2D-49D1-97BC-3654ED321F3B}") = "BDSA2016.Lecture05.Entities", "src\BDSA2016.Lecture05.Entities\BDSA2016.Lecture05.Entities.xproj", "{C3305AE0-35B6-421E-B03A-3C3DB6573ABC}"
EndProject
Global
	GlobalSection(SolutionConfigurationPlatforms) = preSolution
		Debug|Any CPU = Debug|Any CPU
		Release|Any CPU = Release|Any CPU
	EndGlobalSection
	GlobalSection(ProjectConfigurationPlatforms) = postSolution
		{FEF4D4D4-D451-4023-999B-89D99DC479B1}.Debug|Any CPU.ActiveCfg = Debug|Any CPU
		{FEF4D4D4-D451-4023-999B-89D99DC479B1}.Debug|Any CPU.Build.0 = Debug|Any CPU
		{FEF4D4D4-D451-4023-999B-89D99DC479B1}.Release|Any CPU.ActiveCfg = Release|Any CPU
		{FEF4D4D4-D451-4023-999B-89D99DC479B1}.Release|Any CPU.Build.0 = Release|Any CPU
		{41EA6962-35BE-4FB2-886B-B66E8C1814D9}.Debug|Any CPU.ActiveCfg = Debug|Any CPU
		{41EA6962-35BE-4FB2-886B-B66E8C1814D9}.Debug|Any CPU.Build.0 = Debug|Any CPU
		{41EA6962-35BE-4FB2-886B-B66E8C1814D9}.Release|Any CPU.ActiveCfg = Release|Any CPU
		{41EA6962-35BE-4FB2-886B-B66E8C1814D9}.Release|Any CPU.Build.0 = Release|Any CPU
		{205037D3-8052-4FC9-802B-F437079005EC}.Debug|Any CPU.ActiveCfg = Debug|Any CPU
		{205037D3-8052-4FC9-802B-F437079005EC}.Debug|Any CPU.Build.0 = Debug|Any CPU
		{205037D3-8052-4FC9-802B-F437079005EC}.Release|Any CPU.ActiveCfg = Release|Any CPU
		{205037D3-8052-4FC9-802B-F437079005EC}.Release|Any CPU.Build.0 = Release|Any CPU
		{C3305AE0-35B6-421E-B03A-3C3DB6573ABC}.Debug|Any CPU.ActiveCfg = Debug|Any CPU
		{C3305AE0-35B6-421E-B03A-3C3DB6573ABC}.Debug|Any CPU.Build.0 = Debug|Any CPU
		{C3305AE0-35B6-421E-B03A-3C3DB6573ABC}.Release|Any CPU.ActiveCfg = Release|Any CPU
		{C3305AE0-35B6-421E-B03A-3C3DB6573ABC}.Release|Any CPU.Build.0 = Release|Any CPU
	EndGlobalSection
	GlobalSection(SolutionProperties) = preSolution
		HideSolutionNode = FALSE
	EndGlobalSection
	GlobalSection(NestedProjects) = preSolution
		{FEF4D4D4-D451-4023-999B-89D99DC479B1} = {F0DA5E13-8AEF-49EB-94A9-57C99C3B3498}
		{41EA6962-35BE-4FB2-886B-B66E8C1814D9} = {F0DA5E13-8AEF-49EB-94A9-57C99C3B3498}
		{205037D3-8052-4FC9-802B-F437079005EC} = {C7326C0B-20BD-4EC8-9D4E-4320780283C1}
		{C3305AE0-35B6-421E-B03A-3C3DB6573ABC} = {F0DA5E13-8AEF-49EB-94A9-57C99C3B3498}
	EndGlobalSection
EndGlobal
