
Microsoft Visual Studio Solution File, Format Version 12.00
# Visual Studio 14
VisualStudioVersion = 14.0.25420.1
MinimumVisualStudioVersion = 10.0.40219.1
Project("{FAE04EC0-301F-11D3-BF4B-00C04F79EFBC}") = "BDSA2016.Lecture01.App", "BDSA2016.Lecture01.App\BDSA2016.Lecture01.App.csproj", "{E271B198-ACD7-40C7-BFA9-BE2F87441F25}"
EndProject
Project("{FAE04EC0-301F-11D3-BF4B-00C04F79EFBC}") = "BDSA2016.Lecture01.App.Tests", "BDSA2016.Lecture01.App.Tests\BDSA2016.Lecture01.App.Tests.csproj", "{3824E415-9A82-4ECA-9C8C-7CF71DE8CF0B}"
EndProject
Project("{FAE04EC0-301F-11D3-BF4B-00C04F79EFBC}") = "BDSA2016.Lecture01.Lib", "BDSA2016.Lecture01.Lib\BDSA2016.Lecture01.Lib.csproj", "{4D7FA0D7-6758-4F7E-9DCB-7F03C9682BDF}"
EndProject
Project("{FAE04EC0-301F-11D3-BF4B-00C04F79EFBC}") = "BDSA2016.Lecture01.Lib.Tests", "BDSA2016.Lecture01.Lib.Tests\BDSA2016.Lecture01.Lib.Tests.csproj", "{2757D278-AFF6-402E-B659-D2360D592A03}"
EndProject
Project("{FAE04EC0-301F-11D3-BF4B-00C04F79EFBC}") = "BDSA2016.Lecture02.Lib", "BDSA2016.Lecture02.Lib\BDSA2016.Lecture02.Lib.csproj", "{641ED281-9655-40C0-B0EB-874057F70CAD}"
EndProject
Project("{FAE04EC0-301F-11D3-BF4B-00C04F79EFBC}") = "BDSA2016.Lecture02.Lib.Tests", "BDSA2016.Lecture02.Lib.Tests\BDSA2016.Lecture02.Lib.Tests.csproj", "{BC1ACC4B-9707-4C03-A472-9B9D068A723D}"
EndProject
Project("{FAE04EC0-301F-11D3-BF4B-00C04F79EFBC}") = "BDSA2016.Lecture02.App", "BDSA2016.Lecture02.App\BDSA2016.Lecture02.App.csproj", "{85977B67-0868-48F3-B1ED-6D5DEE11BA7E}"
EndProject
Global
	GlobalSection(SolutionConfigurationPlatforms) = preSolution
		Debug|Any CPU = Debug|Any CPU
		Release|Any CPU = Release|Any CPU
	EndGlobalSection
	GlobalSection(ProjectConfigurationPlatforms) = postSolution
		{E271B198-ACD7-40C7-BFA9-BE2F87441F25}.Debug|Any CPU.ActiveCfg = Debug|Any CPU
		{E271B198-ACD7-40C7-BFA9-BE2F87441F25}.Debug|Any CPU.Build.0 = Debug|Any CPU
		{E271B198-ACD7-40C7-BFA9-BE2F87441F25}.Release|Any CPU.ActiveCfg = Release|Any CPU
		{E271B198-ACD7-40C7-BFA9-BE2F87441F25}.Release|Any CPU.Build.0 = Release|Any CPU
		{3824E415-9A82-4ECA-9C8C-7CF71DE8CF0B}.Debug|Any CPU.ActiveCfg = Debug|Any CPU
		{3824E415-9A82-4ECA-9C8C-7CF71DE8CF0B}.Debug|Any CPU.Build.0 = Debug|Any CPU
		{3824E415-9A82-4ECA-9C8C-7CF71DE8CF0B}.Release|Any CPU.ActiveCfg = Release|Any CPU
		{3824E415-9A82-4ECA-9C8C-7CF71DE8CF0B}.Release|Any CPU.Build.0 = Release|Any CPU
		{4D7FA0D7-6758-4F7E-9DCB-7F03C9682BDF}.Debug|Any CPU.ActiveCfg = Debug|Any CPU
		{4D7FA0D7-6758-4F7E-9DCB-7F03C9682BDF}.Debug|Any CPU.Build.0 = Debug|Any CPU
		{4D7FA0D7-6758-4F7E-9DCB-7F03C9682BDF}.Release|Any CPU.ActiveCfg = Release|Any CPU
		{4D7FA0D7-6758-4F7E-9DCB-7F03C9682BDF}.Release|Any CPU.Build.0 = Release|Any CPU
		{2757D278-AFF6-402E-B659-D2360D592A03}.Debug|Any CPU.ActiveCfg = Debug|Any CPU
		{2757D278-AFF6-402E-B659-D2360D592A03}.Debug|Any CPU.Build.0 = Debug|Any CPU
		{2757D278-AFF6-402E-B659-D2360D592A03}.Release|Any CPU.ActiveCfg = Release|Any CPU
		{2757D278-AFF6-402E-B659-D2360D592A03}.Release|Any CPU.Build.0 = Release|Any CPU
		{641ED281-9655-40C0-B0EB-874057F70CAD}.Debug|Any CPU.ActiveCfg = Debug|Any CPU
		{641ED281-9655-40C0-B0EB-874057F70CAD}.Debug|Any CPU.Build.0 = Debug|Any CPU
		{641ED281-9655-40C0-B0EB-874057F70CAD}.Release|Any CPU.ActiveCfg = Release|Any CPU
		{641ED281-9655-40C0-B0EB-874057F70CAD}.Release|Any CPU.Build.0 = Release|Any CPU
		{BC1ACC4B-9707-4C03-A472-9B9D068A723D}.Debug|Any CPU.ActiveCfg = Debug|Any CPU
		{BC1ACC4B-9707-4C03-A472-9B9D068A723D}.Debug|Any CPU.Build.0 = Debug|Any CPU
		{BC1ACC4B-9707-4C03-A472-9B9D068A723D}.Release|Any CPU.ActiveCfg = Release|Any CPU
		{BC1ACC4B-9707-4C03-A472-9B9D068A723D}.Release|Any CPU.Build.0 = Release|Any CPU
		{85977B67-0868-48F3-B1ED-6D5DEE11BA7E}.Debug|Any CPU.ActiveCfg = Debug|Any CPU
		{85977B67-0868-48F3-B1ED-6D5DEE11BA7E}.Debug|Any CPU.Build.0 = Debug|Any CPU
		{85977B67-0868-48F3-B1ED-6D5DEE11BA7E}.Release|Any CPU.ActiveCfg = Release|Any CPU
		{85977B67-0868-48F3-B1ED-6D5DEE11BA7E}.Release|Any CPU.Build.0 = Release|Any CPU
	EndGlobalSection
	GlobalSection(SolutionProperties) = preSolution
		HideSolutionNode = FALSE
	EndGlobalSection
EndGlobal
