
Microsoft Visual Studio Solution File, Format Version 12.00
# Visual Studio 15
VisualStudioVersion = 15.0.28307.1705
MinimumVisualStudioVersion = 10.0.40219.1
Project("{FAE04EC0-301F-11D3-BF4B-00C04F79EFBC}") = "BDSA2016.Lecture01.App", "BDSA2016.Lecture01.App\BDSA2016.Lecture01.App.csproj", "{E271B198-ACD7-40C7-BFA9-BE2F87441F25}"
EndProject
Project("{FAE04EC0-301F-11D3-BF4B-00C04F79EFBC}") = "BDSA2016.Lecture01.App.Tests", "BDSA2016.Lecture01.App.Tests\BDSA2016.Lecture01.App.Tests.csproj", "{3824E415-9A82-4ECA-9C8C-7CF71DE8CF0B}"
EndProject
Project("{FAE04EC0-301F-11D3-BF4B-00C04F79EFBC}") = "BDSA2016.Lecture01.Lib", "BDSA2016.Lecture01.Lib\BDSA2016.Lecture01.Lib.csproj", "{4D7FA0D7-6758-4F7E-9DCB-7F03C9682BDF}"
EndProject
Project("{FAE04EC0-301F-11D3-BF4B-00C04F79EFBC}") = "BDSA2016.Lecture01.Lib.Tests", "BDSA2016.Lecture01.Lib.Tests\BDSA2016.Lecture01.Lib.Tests.csproj", "{2757D278-AFF6-402E-B659-D2360D592A03}"
EndProject
Project("{FAE04EC0-301F-11D3-BF4B-00C04F79EFBC}") = "BDSA2016.Lecture02.Lib", "BDSA2016.Lecture02.Lib\BDSA2016.Lecture02.Lib.csproj", "{641ED281-9655-40C0-B0EB-874057F70CAD}"
EndProject
Project("{FAE04EC0-301F-11D3-BF4B-00C04F79EFBC}") = "BDSA2016.Lecture02.Lib.Tests", "BDSA2016.Lecture02.Lib.Tests\BDSA2016.Lecture02.Lib.Tests.csproj", "{BC1ACC4B-9707-4C03-A472-9B9D068A723D}"
EndProject
Project("{FAE04EC0-301F-11D3-BF4B-00C04F79EFBC}") = "BDSA2016.Lecture02.App", "BDSA2016.Lecture02.App\BDSA2016.Lecture02.App.csproj", "{85977B67-0868-48F3-B1ED-6D5DEE11BA7E}"
EndProject
Project("{9A19103F-16F7-4668-BE54-9A1E7A4F7556}") = "BDSA2016.Lecture03.App", "BDSA2016.Lecture03.App\BDSA2016.Lecture03.App.csproj", "{0F8D2A43-EAC0-444B-A9EB-B9CB2C7A8C57}"
EndProject
Project("{9A19103F-16F7-4668-BE54-9A1E7A4F7556}") = "BDSA2016.Lecture03.Lib", "BDSA2016.Lecture03.Lib\BDSA2016.Lecture03.Lib.csproj", "{2F0B175E-90CF-433D-A4DD-04E9CD46B1C3}"
EndProject
Project("{9A19103F-16F7-4668-BE54-9A1E7A4F7556}") = "BDSA2016.Lecture03.Lib.Tests", "BDSA2016.Lecture03.Lib.Tests\BDSA2016.Lecture03.Lib.Tests.csproj", "{5FCF3DF0-75E0-4EDA-85FB-0C60C891E0E8}"
EndProject
Project("{2150E333-8FDC-42A3-9474-1A3956D46DE8}") = "BDSA2016.Lecture05", "BDSA2016.Lecture05", "{7ECF2869-21BC-457B-871D-528C536DDE9F}"
EndProject
Project("{2150E333-8FDC-42A3-9474-1A3956D46DE8}") = "src", "src", "{5839C6F8-4203-46B8-A9D9-0D05BD83366B}"
EndProject
Project("{FAE04EC0-301F-11D3-BF4B-00C04F79EFBC}") = "BDSA2016.Lecture05.App", "BDSA2016.Lecture05\src\BDSA2016.Lecture05.App\BDSA2016.Lecture05.App.csproj", "{D509184B-3DE9-476C-87CF-8FFB1CF016E5}"
EndProject
Project("{FAE04EC0-301F-11D3-BF4B-00C04F79EFBC}") = "BDSA2016.Lecture05.Entities", "BDSA2016.Lecture05\src\BDSA2016.Lecture05.Entities\BDSA2016.Lecture05.Entities.csproj", "{03D863E4-A61C-4A87-B48E-106B29E6BF5E}"
EndProject
Project("{FAE04EC0-301F-11D3-BF4B-00C04F79EFBC}") = "BDSA2016.Lecture05.Lib", "BDSA2016.Lecture05\src\BDSA2016.Lecture05.Lib\BDSA2016.Lecture05.Lib.csproj", "{CD2EDA6B-C49F-4E2E-870D-9C8F93406A56}"
EndProject
Project("{2150E333-8FDC-42A3-9474-1A3956D46DE8}") = "test", "test", "{E628CF99-E202-428E-8054-43E79140AF4B}"
EndProject
Project("{FAE04EC0-301F-11D3-BF4B-00C04F79EFBC}") = "BDSA2016.Lecture05.Lib.Tests", "BDSA2016.Lecture05\test\BDSA2016.Lecture05.Lib.Tests\BDSA2016.Lecture05.Lib.Tests.csproj", "{43540922-833C-4948-86E5-BCD8D6151A19}"
EndProject
Project("{2150E333-8FDC-42A3-9474-1A3956D46DE8}") = "BDSA2016.Lecture07", "BDSA2016.Lecture07", "{5995498A-AE2E-4BFA-949F-4D26100ED32B}"
EndProject
Project("{2150E333-8FDC-42A3-9474-1A3956D46DE8}") = "src", "src", "{92DDD69A-0FBA-4639-860E-470B2AC57E74}"
EndProject
Project("{FAE04EC0-301F-11D3-BF4B-00C04F79EFBC}") = "BDSA2016.Lecture07.App", "BDSA2016.Lecture07\src\BDSA2016.Lecture07.App\BDSA2016.Lecture07.App.csproj", "{D3D713F2-B555-4CC5-9950-41A21167F122}"
EndProject
Project("{FAE04EC0-301F-11D3-BF4B-00C04F79EFBC}") = "BDSA2016.Lecture07.Lib", "BDSA2016.Lecture07\src\BDSA2016.Lecture07.Lib\BDSA2016.Lecture07.Lib.csproj", "{081C9AEB-3CC0-4B17-A40E-4A99C19C7BB0}"
EndProject
Project("{2150E333-8FDC-42A3-9474-1A3956D46DE8}") = "test", "test", "{C2AA5AA0-01E1-4D60-8FAF-2CC326E82E08}"
EndProject
Project("{FAE04EC0-301F-11D3-BF4B-00C04F79EFBC}") = "BDSA2016.Lecture07.Lib.Tests", "BDSA2016.Lecture07\test\BDSA2016.Lecture07.Lib.Tests\BDSA2016.Lecture07.Lib.Tests.csproj", "{4AD716F8-EA47-46B6-864D-EFD2F1ABB747}"
EndProject
Project("{2150E333-8FDC-42A3-9474-1A3956D46DE8}") = "BDSA2016.Lecture08", "BDSA2016.Lecture08", "{714BA7B1-8E56-4418-9F71-08CF096917D7}"
EndProject
Project("{2150E333-8FDC-42A3-9474-1A3956D46DE8}") = "src", "src", "{FDDCD761-772F-494E-9F18-57FE50966067}"
EndProject
Project("{FAE04EC0-301F-11D3-BF4B-00C04F79EFBC}") = "BDSA2016.Lecture08.App", "BDSA2016.Lecture08\src\BDSA2016.Lecture08.App\BDSA2016.Lecture08.App.csproj", "{6B1A7BBB-9C71-4FAD-BB3C-93956EB7C42C}"
EndProject
Project("{FAE04EC0-301F-11D3-BF4B-00C04F79EFBC}") = "BDSA2016.Lecture08.Web", "BDSA2016.Lecture08\src\BDSA2016.Lecture08.Web\BDSA2016.Lecture08.Web.csproj", "{36C444D7-F8FE-4AE8-94EC-2844B5C853AC}"
EndProject
Project("{2150E333-8FDC-42A3-9474-1A3956D46DE8}") = "test", "test", "{F42EC03B-18AF-4499-8D7E-FCA3D4FDAD49}"
EndProject
Project("{FAE04EC0-301F-11D3-BF4B-00C04F79EFBC}") = "BDSA2016.Lecture08.Web.Tests", "BDSA2016.Lecture08\test\BDSA2016.Lecture08.Web.Tests\BDSA2016.Lecture08.Web.Tests.csproj", "{BC8CB1CC-0EC3-4FE2-A674-C2E870863C9F}"
EndProject
Project("{2150E333-8FDC-42A3-9474-1A3956D46DE8}") = "BDSA2016.Lecture10", "BDSA2016.Lecture10", "{DE50E5CB-6521-47F7-AD54-0CFA319BFC5D}"
EndProject
Project("{2150E333-8FDC-42A3-9474-1A3956D46DE8}") = "src", "src", "{9B1A4E7F-2F3B-439C-8FE7-FABAE482EE04}"
EndProject
Project("{FAE04EC0-301F-11D3-BF4B-00C04F79EFBC}") = "BDSA2016.Lecture10.Entities", "BDSA2016.Lecture10\src\BDSA2016.Lecture10.Entities\BDSA2016.Lecture10.Entities.csproj", "{C289AADD-8AC6-4133-9AAD-89C511A53354}"
EndProject
Project("{FAE04EC0-301F-11D3-BF4B-00C04F79EFBC}") = "BDSA2016.Lecture10.Web", "BDSA2016.Lecture10\src\BDSA2016.Lecture10.Web\BDSA2016.Lecture10.Web.csproj", "{083FBE96-3684-485B-A8E4-6DBC721B3BC3}"
EndProject
Project("{2150E333-8FDC-42A3-9474-1A3956D46DE8}") = "BDSA2016.Lecture11", "BDSA2016.Lecture11", "{1AEDE32B-849E-4BEC-AF6F-CAFE2C961351}"
EndProject
Project("{2150E333-8FDC-42A3-9474-1A3956D46DE8}") = "src", "src", "{2E3C406E-B85B-44B9-BCB1-C173533FEBCB}"
EndProject
Project("{FAE04EC0-301F-11D3-BF4B-00C04F79EFBC}") = "BDSA2016.Lecture11.Entities", "BDSA2016.Lecture11\src\BDSA2016.Lecture11.Entities\BDSA2016.Lecture11.Entities.csproj", "{D15B6970-B9C2-4CCE-9B4A-ABA393DA4BE0}"
EndProject
Project("{FAE04EC0-301F-11D3-BF4B-00C04F79EFBC}") = "BDSA2016.Lecture11.Web", "BDSA2016.Lecture11\src\BDSA2016.Lecture11.Web\BDSA2016.Lecture11.Web.csproj", "{6B4DAD4A-9AE1-478F-8BCF-CFBE54A4E7B2}"
EndProject
Project("{2150E333-8FDC-42A3-9474-1A3956D46DE8}") = "BDSA2016.Lecture04", "BDSA2016.Lecture04", "{669F5612-A2AB-4FF6-990A-D25177968572}"
EndProject
Project("{2150E333-8FDC-42A3-9474-1A3956D46DE8}") = "src", "src", "{26EAF014-5CC8-49A1-8CB3-D1A3A7C0EAE2}"
EndProject
Project("{FAE04EC0-301F-11D3-BF4B-00C04F79EFBC}") = "BDSA2016.Lecture04.App", "BDSA2016.Lecture04\src\BDSA2016.Lecture04.App\BDSA2016.Lecture04.App.csproj", "{19BF0AD9-1DDB-4EF3-B894-103A59C3EDC9}"
EndProject
Project("{FAE04EC0-301F-11D3-BF4B-00C04F79EFBC}") = "BDSA2016.Lecture04.Lib", "BDSA2016.Lecture04\src\BDSA2016.Lecture04.Lib\BDSA2016.Lecture04.Lib.csproj", "{CF083BFE-7FD8-4556-BD97-800AFB9060A9}"
EndProject
Project("{2150E333-8FDC-42A3-9474-1A3956D46DE8}") = "test", "test", "{823DD211-CEA5-407B-ACF4-947CA5BD312A}"
EndProject
Project("{FAE04EC0-301F-11D3-BF4B-00C04F79EFBC}") = "BDSA2016.Lecture04.Lib.Tests", "BDSA2016.Lecture04\test\BDSA2016.Lecture04.Lib.Tests\BDSA2016.Lecture04.Lib.Tests.csproj", "{845A46A1-18E6-48F8-9081-E77E5225915A}"
EndProject
Global
	GlobalSection(SolutionConfigurationPlatforms) = preSolution
		Debug|Any CPU = Debug|Any CPU
		Release|Any CPU = Release|Any CPU
	EndGlobalSection
	GlobalSection(ProjectConfigurationPlatforms) = postSolution
		{E271B198-ACD7-40C7-BFA9-BE2F87441F25}.Debug|Any CPU.ActiveCfg = Debug|Any CPU
		{E271B198-ACD7-40C7-BFA9-BE2F87441F25}.Debug|Any CPU.Build.0 = Debug|Any CPU
		{E271B198-ACD7-40C7-BFA9-BE2F87441F25}.Release|Any CPU.ActiveCfg = Release|Any CPU
		{E271B198-ACD7-40C7-BFA9-BE2F87441F25}.Release|Any CPU.Build.0 = Release|Any CPU
		{3824E415-9A82-4ECA-9C8C-7CF71DE8CF0B}.Debug|Any CPU.ActiveCfg = Debug|Any CPU
		{3824E415-9A82-4ECA-9C8C-7CF71DE8CF0B}.Debug|Any CPU.Build.0 = Debug|Any CPU
		{3824E415-9A82-4ECA-9C8C-7CF71DE8CF0B}.Release|Any CPU.ActiveCfg = Release|Any CPU
		{3824E415-9A82-4ECA-9C8C-7CF71DE8CF0B}.Release|Any CPU.Build.0 = Release|Any CPU
		{4D7FA0D7-6758-4F7E-9DCB-7F03C9682BDF}.Debug|Any CPU.ActiveCfg = Debug|Any CPU
		{4D7FA0D7-6758-4F7E-9DCB-7F03C9682BDF}.Debug|Any CPU.Build.0 = Debug|Any CPU
		{4D7FA0D7-6758-4F7E-9DCB-7F03C9682BDF}.Release|Any CPU.ActiveCfg = Release|Any CPU
		{4D7FA0D7-6758-4F7E-9DCB-7F03C9682BDF}.Release|Any CPU.Build.0 = Release|Any CPU
		{2757D278-AFF6-402E-B659-D2360D592A03}.Debug|Any CPU.ActiveCfg = Debug|Any CPU
		{2757D278-AFF6-402E-B659-D2360D592A03}.Debug|Any CPU.Build.0 = Debug|Any CPU
		{2757D278-AFF6-402E-B659-D2360D592A03}.Release|Any CPU.ActiveCfg = Release|Any CPU
		{2757D278-AFF6-402E-B659-D2360D592A03}.Release|Any CPU.Build.0 = Release|Any CPU
		{641ED281-9655-40C0-B0EB-874057F70CAD}.Debug|Any CPU.ActiveCfg = Debug|Any CPU
		{641ED281-9655-40C0-B0EB-874057F70CAD}.Debug|Any CPU.Build.0 = Debug|Any CPU
		{641ED281-9655-40C0-B0EB-874057F70CAD}.Release|Any CPU.ActiveCfg = Release|Any CPU
		{641ED281-9655-40C0-B0EB-874057F70CAD}.Release|Any CPU.Build.0 = Release|Any CPU
		{BC1ACC4B-9707-4C03-A472-9B9D068A723D}.Debug|Any CPU.ActiveCfg = Debug|Any CPU
		{BC1ACC4B-9707-4C03-A472-9B9D068A723D}.Debug|Any CPU.Build.0 = Debug|Any CPU
		{BC1ACC4B-9707-4C03-A472-9B9D068A723D}.Release|Any CPU.ActiveCfg = Release|Any CPU
		{BC1ACC4B-9707-4C03-A472-9B9D068A723D}.Release|Any CPU.Build.0 = Release|Any CPU
		{85977B67-0868-48F3-B1ED-6D5DEE11BA7E}.Debug|Any CPU.ActiveCfg = Debug|Any CPU
		{85977B67-0868-48F3-B1ED-6D5DEE11BA7E}.Debug|Any CPU.Build.0 = Debug|Any CPU
		{85977B67-0868-48F3-B1ED-6D5DEE11BA7E}.Release|Any CPU.ActiveCfg = Release|Any CPU
		{85977B67-0868-48F3-B1ED-6D5DEE11BA7E}.Release|Any CPU.Build.0 = Release|Any CPU
		{0F8D2A43-EAC0-444B-A9EB-B9CB2C7A8C57}.Debug|Any CPU.ActiveCfg = Debug|Any CPU
		{0F8D2A43-EAC0-444B-A9EB-B9CB2C7A8C57}.Debug|Any CPU.Build.0 = Debug|Any CPU
		{0F8D2A43-EAC0-444B-A9EB-B9CB2C7A8C57}.Release|Any CPU.ActiveCfg = Release|Any CPU
		{0F8D2A43-EAC0-444B-A9EB-B9CB2C7A8C57}.Release|Any CPU.Build.0 = Release|Any CPU
		{2F0B175E-90CF-433D-A4DD-04E9CD46B1C3}.Debug|Any CPU.ActiveCfg = Debug|Any CPU
		{2F0B175E-90CF-433D-A4DD-04E9CD46B1C3}.Debug|Any CPU.Build.0 = Debug|Any CPU
		{2F0B175E-90CF-433D-A4DD-04E9CD46B1C3}.Release|Any CPU.ActiveCfg = Release|Any CPU
		{2F0B175E-90CF-433D-A4DD-04E9CD46B1C3}.Release|Any CPU.Build.0 = Release|Any CPU
		{5FCF3DF0-75E0-4EDA-85FB-0C60C891E0E8}.Debug|Any CPU.ActiveCfg = Debug|Any CPU
		{5FCF3DF0-75E0-4EDA-85FB-0C60C891E0E8}.Debug|Any CPU.Build.0 = Debug|Any CPU
		{5FCF3DF0-75E0-4EDA-85FB-0C60C891E0E8}.Release|Any CPU.ActiveCfg = Release|Any CPU
		{5FCF3DF0-75E0-4EDA-85FB-0C60C891E0E8}.Release|Any CPU.Build.0 = Release|Any CPU
		{D509184B-3DE9-476C-87CF-8FFB1CF016E5}.Debug|Any CPU.ActiveCfg = Debug|Any CPU
		{D509184B-3DE9-476C-87CF-8FFB1CF016E5}.Debug|Any CPU.Build.0 = Debug|Any CPU
		{D509184B-3DE9-476C-87CF-8FFB1CF016E5}.Release|Any CPU.ActiveCfg = Release|Any CPU
		{D509184B-3DE9-476C-87CF-8FFB1CF016E5}.Release|Any CPU.Build.0 = Release|Any CPU
		{03D863E4-A61C-4A87-B48E-106B29E6BF5E}.Debug|Any CPU.ActiveCfg = Debug|Any CPU
		{03D863E4-A61C-4A87-B48E-106B29E6BF5E}.Debug|Any CPU.Build.0 = Debug|Any CPU
		{03D863E4-A61C-4A87-B48E-106B29E6BF5E}.Release|Any CPU.ActiveCfg = Release|Any CPU
		{03D863E4-A61C-4A87-B48E-106B29E6BF5E}.Release|Any CPU.Build.0 = Release|Any CPU
		{CD2EDA6B-C49F-4E2E-870D-9C8F93406A56}.Debug|Any CPU.ActiveCfg = Debug|Any CPU
		{CD2EDA6B-C49F-4E2E-870D-9C8F93406A56}.Debug|Any CPU.Build.0 = Debug|Any CPU
		{CD2EDA6B-C49F-4E2E-870D-9C8F93406A56}.Release|Any CPU.ActiveCfg = Release|Any CPU
		{CD2EDA6B-C49F-4E2E-870D-9C8F93406A56}.Release|Any CPU.Build.0 = Release|Any CPU
		{43540922-833C-4948-86E5-BCD8D6151A19}.Debug|Any CPU.ActiveCfg = Debug|Any CPU
		{43540922-833C-4948-86E5-BCD8D6151A19}.Debug|Any CPU.Build.0 = Debug|Any CPU
		{43540922-833C-4948-86E5-BCD8D6151A19}.Release|Any CPU.ActiveCfg = Release|Any CPU
		{43540922-833C-4948-86E5-BCD8D6151A19}.Release|Any CPU.Build.0 = Release|Any CPU
		{D3D713F2-B555-4CC5-9950-41A21167F122}.Debug|Any CPU.ActiveCfg = Debug|Any CPU
		{D3D713F2-B555-4CC5-9950-41A21167F122}.Debug|Any CPU.Build.0 = Debug|Any CPU
		{D3D713F2-B555-4CC5-9950-41A21167F122}.Release|Any CPU.ActiveCfg = Release|Any CPU
		{D3D713F2-B555-4CC5-9950-41A21167F122}.Release|Any CPU.Build.0 = Release|Any CPU
		{081C9AEB-3CC0-4B17-A40E-4A99C19C7BB0}.Debug|Any CPU.ActiveCfg = Debug|Any CPU
		{081C9AEB-3CC0-4B17-A40E-4A99C19C7BB0}.Debug|Any CPU.Build.0 = Debug|Any CPU
		{081C9AEB-3CC0-4B17-A40E-4A99C19C7BB0}.Release|Any CPU.ActiveCfg = Release|Any CPU
		{081C9AEB-3CC0-4B17-A40E-4A99C19C7BB0}.Release|Any CPU.Build.0 = Release|Any CPU
		{4AD716F8-EA47-46B6-864D-EFD2F1ABB747}.Debug|Any CPU.ActiveCfg = Debug|Any CPU
		{4AD716F8-EA47-46B6-864D-EFD2F1ABB747}.Debug|Any CPU.Build.0 = Debug|Any CPU
		{4AD716F8-EA47-46B6-864D-EFD2F1ABB747}.Release|Any CPU.ActiveCfg = Release|Any CPU
		{4AD716F8-EA47-46B6-864D-EFD2F1ABB747}.Release|Any CPU.Build.0 = Release|Any CPU
		{6B1A7BBB-9C71-4FAD-BB3C-93956EB7C42C}.Debug|Any CPU.ActiveCfg = Debug|Any CPU
		{6B1A7BBB-9C71-4FAD-BB3C-93956EB7C42C}.Debug|Any CPU.Build.0 = Debug|Any CPU
		{6B1A7BBB-9C71-4FAD-BB3C-93956EB7C42C}.Release|Any CPU.ActiveCfg = Release|Any CPU
		{6B1A7BBB-9C71-4FAD-BB3C-93956EB7C42C}.Release|Any CPU.Build.0 = Release|Any CPU
		{36C444D7-F8FE-4AE8-94EC-2844B5C853AC}.Debug|Any CPU.ActiveCfg = Debug|Any CPU
		{36C444D7-F8FE-4AE8-94EC-2844B5C853AC}.Debug|Any CPU.Build.0 = Debug|Any CPU
		{36C444D7-F8FE-4AE8-94EC-2844B5C853AC}.Release|Any CPU.ActiveCfg = Release|Any CPU
		{36C444D7-F8FE-4AE8-94EC-2844B5C853AC}.Release|Any CPU.Build.0 = Release|Any CPU
		{BC8CB1CC-0EC3-4FE2-A674-C2E870863C9F}.Debug|Any CPU.ActiveCfg = Debug|Any CPU
		{BC8CB1CC-0EC3-4FE2-A674-C2E870863C9F}.Debug|Any CPU.Build.0 = Debug|Any CPU
		{BC8CB1CC-0EC3-4FE2-A674-C2E870863C9F}.Release|Any CPU.ActiveCfg = Release|Any CPU
		{BC8CB1CC-0EC3-4FE2-A674-C2E870863C9F}.Release|Any CPU.Build.0 = Release|Any CPU
		{C289AADD-8AC6-4133-9AAD-89C511A53354}.Debug|Any CPU.ActiveCfg = Debug|Any CPU
		{C289AADD-8AC6-4133-9AAD-89C511A53354}.Debug|Any CPU.Build.0 = Debug|Any CPU
		{C289AADD-8AC6-4133-9AAD-89C511A53354}.Release|Any CPU.ActiveCfg = Release|Any CPU
		{C289AADD-8AC6-4133-9AAD-89C511A53354}.Release|Any CPU.Build.0 = Release|Any CPU
		{083FBE96-3684-485B-A8E4-6DBC721B3BC3}.Debug|Any CPU.ActiveCfg = Debug|Any CPU
		{083FBE96-3684-485B-A8E4-6DBC721B3BC3}.Debug|Any CPU.Build.0 = Debug|Any CPU
		{083FBE96-3684-485B-A8E4-6DBC721B3BC3}.Release|Any CPU.ActiveCfg = Release|Any CPU
		{083FBE96-3684-485B-A8E4-6DBC721B3BC3}.Release|Any CPU.Build.0 = Release|Any CPU
		{D15B6970-B9C2-4CCE-9B4A-ABA393DA4BE0}.Debug|Any CPU.ActiveCfg = Debug|Any CPU
		{D15B6970-B9C2-4CCE-9B4A-ABA393DA4BE0}.Debug|Any CPU.Build.0 = Debug|Any CPU
		{D15B6970-B9C2-4CCE-9B4A-ABA393DA4BE0}.Release|Any CPU.ActiveCfg = Release|Any CPU
		{D15B6970-B9C2-4CCE-9B4A-ABA393DA4BE0}.Release|Any CPU.Build.0 = Release|Any CPU
		{6B4DAD4A-9AE1-478F-8BCF-CFBE54A4E7B2}.Debug|Any CPU.ActiveCfg = Debug|Any CPU
		{6B4DAD4A-9AE1-478F-8BCF-CFBE54A4E7B2}.Debug|Any CPU.Build.0 = Debug|Any CPU
		{6B4DAD4A-9AE1-478F-8BCF-CFBE54A4E7B2}.Release|Any CPU.ActiveCfg = Release|Any CPU
		{6B4DAD4A-9AE1-478F-8BCF-CFBE54A4E7B2}.Release|Any CPU.Build.0 = Release|Any CPU
		{19BF0AD9-1DDB-4EF3-B894-103A59C3EDC9}.Debug|Any CPU.ActiveCfg = Debug|Any CPU
		{19BF0AD9-1DDB-4EF3-B894-103A59C3EDC9}.Debug|Any CPU.Build.0 = Debug|Any CPU
		{19BF0AD9-1DDB-4EF3-B894-103A59C3EDC9}.Release|Any CPU.ActiveCfg = Release|Any CPU
		{19BF0AD9-1DDB-4EF3-B894-103A59C3EDC9}.Release|Any CPU.Build.0 = Release|Any CPU
		{CF083BFE-7FD8-4556-BD97-800AFB9060A9}.Debug|Any CPU.ActiveCfg = Debug|Any CPU
		{CF083BFE-7FD8-4556-BD97-800AFB9060A9}.Debug|Any CPU.Build.0 = Debug|Any CPU
		{CF083BFE-7FD8-4556-BD97-800AFB9060A9}.Release|Any CPU.ActiveCfg = Release|Any CPU
		{CF083BFE-7FD8-4556-BD97-800AFB9060A9}.Release|Any CPU.Build.0 = Release|Any CPU
		{845A46A1-18E6-48F8-9081-E77E5225915A}.Debug|Any CPU.ActiveCfg = Debug|Any CPU
		{845A46A1-18E6-48F8-9081-E77E5225915A}.Debug|Any CPU.Build.0 = Debug|Any CPU
		{845A46A1-18E6-48F8-9081-E77E5225915A}.Release|Any CPU.ActiveCfg = Release|Any CPU
		{845A46A1-18E6-48F8-9081-E77E5225915A}.Release|Any CPU.Build.0 = Release|Any CPU
	EndGlobalSection
	GlobalSection(SolutionProperties) = preSolution
		HideSolutionNode = FALSE
	EndGlobalSection
	GlobalSection(ExtensibilityGlobals) = postSolution
		SolutionGuid = {1124D4BB-DB39-4BCA-B73E-21D0192076AF}
	EndGlobalSection
	GlobalSection(NestedProjects) = preSolution
		{5839C6F8-4203-46B8-A9D9-0D05BD83366B} = {7ECF2869-21BC-457B-871D-528C536DDE9F}
		{D509184B-3DE9-476C-87CF-8FFB1CF016E5} = {5839C6F8-4203-46B8-A9D9-0D05BD83366B}
		{03D863E4-A61C-4A87-B48E-106B29E6BF5E} = {5839C6F8-4203-46B8-A9D9-0D05BD83366B}
		{CD2EDA6B-C49F-4E2E-870D-9C8F93406A56} = {5839C6F8-4203-46B8-A9D9-0D05BD83366B}
		{E628CF99-E202-428E-8054-43E79140AF4B} = {7ECF2869-21BC-457B-871D-528C536DDE9F}
		{43540922-833C-4948-86E5-BCD8D6151A19} = {E628CF99-E202-428E-8054-43E79140AF4B}
		{92DDD69A-0FBA-4639-860E-470B2AC57E74} = {5995498A-AE2E-4BFA-949F-4D26100ED32B}
		{D3D713F2-B555-4CC5-9950-41A21167F122} = {92DDD69A-0FBA-4639-860E-470B2AC57E74}
		{081C9AEB-3CC0-4B17-A40E-4A99C19C7BB0} = {92DDD69A-0FBA-4639-860E-470B2AC57E74}
		{C2AA5AA0-01E1-4D60-8FAF-2CC326E82E08} = {5995498A-AE2E-4BFA-949F-4D26100ED32B}
		{4AD716F8-EA47-46B6-864D-EFD2F1ABB747} = {C2AA5AA0-01E1-4D60-8FAF-2CC326E82E08}
		{FDDCD761-772F-494E-9F18-57FE50966067} = {714BA7B1-8E56-4418-9F71-08CF096917D7}
		{6B1A7BBB-9C71-4FAD-BB3C-93956EB7C42C} = {FDDCD761-772F-494E-9F18-57FE50966067}
		{36C444D7-F8FE-4AE8-94EC-2844B5C853AC} = {FDDCD761-772F-494E-9F18-57FE50966067}
		{F42EC03B-18AF-4499-8D7E-FCA3D4FDAD49} = {714BA7B1-8E56-4418-9F71-08CF096917D7}
		{BC8CB1CC-0EC3-4FE2-A674-C2E870863C9F} = {F42EC03B-18AF-4499-8D7E-FCA3D4FDAD49}
		{9B1A4E7F-2F3B-439C-8FE7-FABAE482EE04} = {DE50E5CB-6521-47F7-AD54-0CFA319BFC5D}
		{C289AADD-8AC6-4133-9AAD-89C511A53354} = {9B1A4E7F-2F3B-439C-8FE7-FABAE482EE04}
		{083FBE96-3684-485B-A8E4-6DBC721B3BC3} = {9B1A4E7F-2F3B-439C-8FE7-FABAE482EE04}
		{2E3C406E-B85B-44B9-BCB1-C173533FEBCB} = {1AEDE32B-849E-4BEC-AF6F-CAFE2C961351}
		{D15B6970-B9C2-4CCE-9B4A-ABA393DA4BE0} = {2E3C406E-B85B-44B9-BCB1-C173533FEBCB}
		{6B4DAD4A-9AE1-478F-8BCF-CFBE54A4E7B2} = {2E3C406E-B85B-44B9-BCB1-C173533FEBCB}
		{26EAF014-5CC8-49A1-8CB3-D1A3A7C0EAE2} = {669F5612-A2AB-4FF6-990A-D25177968572}
		{19BF0AD9-1DDB-4EF3-B894-103A59C3EDC9} = {26EAF014-5CC8-49A1-8CB3-D1A3A7C0EAE2}
		{CF083BFE-7FD8-4556-BD97-800AFB9060A9} = {26EAF014-5CC8-49A1-8CB3-D1A3A7C0EAE2}
		{823DD211-CEA5-407B-ACF4-947CA5BD312A} = {669F5612-A2AB-4FF6-990A-D25177968572}
		{845A46A1-18E6-48F8-9081-E77E5225915A} = {823DD211-CEA5-407B-ACF4-947CA5BD312A}
	EndGlobalSection
EndGlobal
