
Microsoft Visual Studio Solution File, Format Version 12.00
# Visual Studio 14
VisualStudioVersion = 14.0.25420.1
MinimumVisualStudioVersion = 10.0.40219.1
Project("{FAE04EC0-301F-11D3-BF4B-00C04F79EFBC}") = "BDSA2016.Lecture09.MVVM", "BDSA2016.Lecture09.MVVM\BDSA2016.Lecture09.MVVM.csproj", "{D9B94D17-E65D-4D63-98AB-3EDA7433A0E0}"
EndProject
Project("{FAE04EC0-301F-11D3-BF4B-00C04F79EFBC}") = "BDSA2016.Lecture09.Universal", "BDSA2016.Lecture09.Universal\BDSA2016.Lecture09.Universal.csproj", "{C9D6A231-F8A5-4064-8487-F6F1C842B1F6}"
EndProject
Global
	GlobalSection(SolutionConfigurationPlatforms) = preSolution
		Debug|ARM = Debug|ARM
		Debug|x64 = Debug|x64
		Debug|x86 = Debug|x86
		Release|ARM = Release|ARM
		Release|x64 = Release|x64
		Release|x86 = Release|x86
	EndGlobalSection
	GlobalSection(ProjectConfigurationPlatforms) = postSolution
		{D9B94D17-E65D-4D63-98AB-3EDA7433A0E0}.Debug|ARM.ActiveCfg = Debug|ARM
		{D9B94D17-E65D-4D63-98AB-3EDA7433A0E0}.Debug|ARM.Build.0 = Debug|ARM
		{D9B94D17-E65D-4D63-98AB-3EDA7433A0E0}.Debug|ARM.Deploy.0 = Debug|ARM
		{D9B94D17-E65D-4D63-98AB-3EDA7433A0E0}.Debug|x64.ActiveCfg = Debug|x64
		{D9B94D17-E65D-4D63-98AB-3EDA7433A0E0}.Debug|x64.Build.0 = Debug|x64
		{D9B94D17-E65D-4D63-98AB-3EDA7433A0E0}.Debug|x64.Deploy.0 = Debug|x64
		{D9B94D17-E65D-4D63-98AB-3EDA7433A0E0}.Debug|x86.ActiveCfg = Debug|x86
		{D9B94D17-E65D-4D63-98AB-3EDA7433A0E0}.Debug|x86.Build.0 = Debug|x86
		{D9B94D17-E65D-4D63-98AB-3EDA7433A0E0}.Debug|x86.Deploy.0 = Debug|x86
		{D9B94D17-E65D-4D63-98AB-3EDA7433A0E0}.Release|ARM.ActiveCfg = Release|ARM
		{D9B94D17-E65D-4D63-98AB-3EDA7433A0E0}.Release|ARM.Build.0 = Release|ARM
		{D9B94D17-E65D-4D63-98AB-3EDA7433A0E0}.Release|ARM.Deploy.0 = Release|ARM
		{D9B94D17-E65D-4D63-98AB-3EDA7433A0E0}.Release|x64.ActiveCfg = Release|x64
		{D9B94D17-E65D-4D63-98AB-3EDA7433A0E0}.Release|x64.Build.0 = Release|x64
		{D9B94D17-E65D-4D63-98AB-3EDA7433A0E0}.Release|x64.Deploy.0 = Release|x64
		{D9B94D17-E65D-4D63-98AB-3EDA7433A0E0}.Release|x86.ActiveCfg = Release|x86
		{D9B94D17-E65D-4D63-98AB-3EDA7433A0E0}.Release|x86.Build.0 = Release|x86
		{D9B94D17-E65D-4D63-98AB-3EDA7433A0E0}.Release|x86.Deploy.0 = Release|x86
		{C9D6A231-F8A5-4064-8487-F6F1C842B1F6}.Debug|ARM.ActiveCfg = Debug|ARM
		{C9D6A231-F8A5-4064-8487-F6F1C842B1F6}.Debug|ARM.Build.0 = Debug|ARM
		{C9D6A231-F8A5-4064-8487-F6F1C842B1F6}.Debug|ARM.Deploy.0 = Debug|ARM
		{C9D6A231-F8A5-4064-8487-F6F1C842B1F6}.Debug|x64.ActiveCfg = Debug|x64
		{C9D6A231-F8A5-4064-8487-F6F1C842B1F6}.Debug|x64.Build.0 = Debug|x64
		{C9D6A231-F8A5-4064-8487-F6F1C842B1F6}.Debug|x64.Deploy.0 = Debug|x64
		{C9D6A231-F8A5-4064-8487-F6F1C842B1F6}.Debug|x86.ActiveCfg = Debug|x86
		{C9D6A231-F8A5-4064-8487-F6F1C842B1F6}.Debug|x86.Build.0 = Debug|x86
		{C9D6A231-F8A5-4064-8487-F6F1C842B1F6}.Debug|x86.Deploy.0 = Debug|x86
		{C9D6A231-F8A5-4064-8487-F6F1C842B1F6}.Release|ARM.ActiveCfg = Release|ARM
		{C9D6A231-F8A5-4064-8487-F6F1C842B1F6}.Release|ARM.Build.0 = Release|ARM
		{C9D6A231-F8A5-4064-8487-F6F1C842B1F6}.Release|ARM.Deploy.0 = Release|ARM
		{C9D6A231-F8A5-4064-8487-F6F1C842B1F6}.Release|x64.ActiveCfg = Release|x64
		{C9D6A231-F8A5-4064-8487-F6F1C842B1F6}.Release|x64.Build.0 = Release|x64
		{C9D6A231-F8A5-4064-8487-F6F1C842B1F6}.Release|x64.Deploy.0 = Release|x64
		{C9D6A231-F8A5-4064-8487-F6F1C842B1F6}.Release|x86.ActiveCfg = Release|x86
		{C9D6A231-F8A5-4064-8487-F6F1C842B1F6}.Release|x86.Build.0 = Release|x86
		{C9D6A231-F8A5-4064-8487-F6F1C842B1F6}.Release|x86.Deploy.0 = Release|x86
	EndGlobalSection
	GlobalSection(SolutionProperties) = preSolution
		HideSolutionNode = FALSE
	EndGlobalSection
EndGlobal
