
Microsoft Visual Studio Solution File, Format Version 12.00
# Visual Studio 15
VisualStudioVersion = 15.0.26730.16
MinimumVisualStudioVersion = 10.0.40219.1
Project("{2150E333-8FDC-42A3-9474-1A3956D46DE8}") = "Solution Items", "Solution Items", "{7017B5BB-45ED-4E9E-AB42-323F562C5A0E}"
EndProject
Project("{9A19103F-16F7-4668-BE54-9A1E7A4F7556}") = "BDSA2016.Lecture06.App", "BDSA2016.Lecture06.App\BDSA2016.Lecture06.App.csproj", "{FEF4D4D4-D451-4023-999B-89D99DC479B1}"
EndProject
Project("{FAE04EC0-301F-11D3-BF4B-00C04F79EFBC}") = "BDSA2016.Lecture06.AsyncUI", "BDSA2016.Lecture06.AsyncUI\BDSA2016.Lecture06.AsyncUI.csproj", "{54B0C062-FAC3-4BEB-8DAA-9D5BD4DEF5B0}"
EndProject
Project("{9A19103F-16F7-4668-BE54-9A1E7A4F7556}") = "BDSA2016.Lecture06.Lib", "BDSA2016.Lecture06.Lib\BDSA2016.Lecture06.Lib.csproj", "{41EA6962-35BE-4FB2-886B-B66E8C1814D9}"
EndProject
Project("{9A19103F-16F7-4668-BE54-9A1E7A4F7556}") = "BDSA2016.Lecture06.Lib.Tests", "BDSA2016.Lecture06.Lib.Tests\BDSA2016.Lecture06.Lib.Tests.csproj", "{205037D3-8052-4FC9-802B-F437079005EC}"
EndProject
Project("{9A19103F-16F7-4668-BE54-9A1E7A4F7556}") = "BDSA2016.Lecture06.Entities", "BDSA2016.Lecture06.Entities\BDSA2016.Lecture06.Entities.csproj", "{C3305AE0-35B6-421E-B03A-3C3DB6573ABC}"
EndProject
Global
	GlobalSection(SolutionConfigurationPlatforms) = preSolution
		Debug|Any CPU = Debug|Any CPU
		Release|Any CPU = Release|Any CPU
	EndGlobalSection
	GlobalSection(ProjectConfigurationPlatforms) = postSolution
		{FEF4D4D4-D451-4023-999B-89D99DC479B1}.Debug|Any CPU.ActiveCfg = Debug|Any CPU
		{FEF4D4D4-D451-4023-999B-89D99DC479B1}.Debug|Any CPU.Build.0 = Debug|Any CPU
		{FEF4D4D4-D451-4023-999B-89D99DC479B1}.Release|Any CPU.ActiveCfg = Release|Any CPU
		{FEF4D4D4-D451-4023-999B-89D99DC479B1}.Release|Any CPU.Build.0 = Release|Any CPU
		{54B0C062-FAC3-4BEB-8DAA-9D5BD4DEF5B0}.Debug|Any CPU.ActiveCfg = Debug|Any CPU
		{54B0C062-FAC3-4BEB-8DAA-9D5BD4DEF5B0}.Debug|Any CPU.Build.0 = Debug|Any CPU
		{54B0C062-FAC3-4BEB-8DAA-9D5BD4DEF5B0}.Release|Any CPU.ActiveCfg = Release|Any CPU
		{54B0C062-FAC3-4BEB-8DAA-9D5BD4DEF5B0}.Release|Any CPU.Build.0 = Release|Any CPU
		{41EA6962-35BE-4FB2-886B-B66E8C1814D9}.Debug|Any CPU.ActiveCfg = Debug|Any CPU
		{41EA6962-35BE-4FB2-886B-B66E8C1814D9}.Debug|Any CPU.Build.0 = Debug|Any CPU
		{41EA6962-35BE-4FB2-886B-B66E8C1814D9}.Release|Any CPU.ActiveCfg = Release|Any CPU
		{41EA6962-35BE-4FB2-886B-B66E8C1814D9}.Release|Any CPU.Build.0 = Release|Any CPU
		{205037D3-8052-4FC9-802B-F437079005EC}.Debug|Any CPU.ActiveCfg = Debug|Any CPU
		{205037D3-8052-4FC9-802B-F437079005EC}.Debug|Any CPU.Build.0 = Debug|Any CPU
		{205037D3-8052-4FC9-802B-F437079005EC}.Release|Any CPU.ActiveCfg = Release|Any CPU
		{205037D3-8052-4FC9-802B-F437079005EC}.Release|Any CPU.Build.0 = Release|Any CPU
		{C3305AE0-35B6-421E-B03A-3C3DB6573ABC}.Debug|Any CPU.ActiveCfg = Debug|Any CPU
		{C3305AE0-35B6-421E-B03A-3C3DB6573ABC}.Debug|Any CPU.Build.0 = Debug|Any CPU
		{C3305AE0-35B6-421E-B03A-3C3DB6573ABC}.Release|Any CPU.ActiveCfg = Release|Any CPU
		{C3305AE0-35B6-421E-B03A-3C3DB6573ABC}.Release|Any CPU.Build.0 = Release|Any CPU
	EndGlobalSection
	GlobalSection(SolutionProperties) = preSolution
		HideSolutionNode = FALSE
	EndGlobalSection
	GlobalSection(ExtensibilityGlobals) = postSolution
		SolutionGuid = {0E9788D6-961E-4616-9D38-D88B9027095E}
	EndGlobalSection
EndGlobal
